
Microsoft Visual Studio Solution File, Format Version 12.00
# Visual Studio Version 16
VisualStudioVersion = 16.0.28803.202
MinimumVisualStudioVersion = 10.0.40219.1
Project("{9A19103F-16F7-4668-BE54-9A1E7A4F7556}") = "SampleLibrary", "SampleLibrary\SampleLibrary.csproj", "{29FCA67A-31D2-4C2D-9A0A-F5BB000D3587}"
EndProject
Global
	GlobalSection(SolutionConfigurationPlatforms) = preSolution
		Debug|Any CPU = Debug|Any CPU
		Release|Any CPU = Release|Any CPU
	EndGlobalSection
	GlobalSection(ProjectConfigurationPlatforms) = postSolution
		{29FCA67A-31D2-4C2D-9A0A-F5BB000D3587}.Debug|Any CPU.ActiveCfg = Debug|Any CPU
		{29FCA67A-31D2-4C2D-9A0A-F5BB000D3587}.Debug|Any CPU.Build.0 = Debug|Any CPU
		{29FCA67A-31D2-4C2D-9A0A-F5BB000D3587}.Release|Any CPU.ActiveCfg = Release|Any CPU
		{29FCA67A-31D2-4C2D-9A0A-F5BB000D3587}.Release|Any CPU.Build.0 = Release|Any CPU
	EndGlobalSection
	GlobalSection(SolutionProperties) = preSolution
		HideSolutionNode = FALSE
	EndGlobalSection
	GlobalSection(ExtensibilityGlobals) = postSolution
		SolutionGuid = {0998693B-6C80-4D0D-B0D5-17F91857837C}
	EndGlobalSection
EndGlobal
